<?xml version="1.0" encoding="utf-8"?>
<Project ToolsVersion="4.0" xmlns="http://schemas.microsoft.com/developer/msbuild/2003">
  <ItemGroup>
    <Filter Include="Source Files">
      <UniqueIdentifier>{4FC737F1-C7A5-4376-A066-2A32D752A2FF}</UniqueIdentifier>
      <Extensions>cpp;c;cc;cxx;def;odl;idl;hpj;bat;asm;asmx</Extensions>
    </Filter>
    <Filter Include="Header Files">
      <UniqueIdentifier>{93995380-89BD-4b04-88EB-625FBE52EBFB}</UniqueIdentifier>
      <Extensions>h;hh;hpp;hxx;hm;inl;inc;xsd</Extensions>
    </Filter>
    <Filter Include="Resource Files">
      <UniqueIdentifier>{67DA6AB6-F800-4c08-8B7A-83BB121AAD01}</UniqueIdentifier>
      <Extensions>rc;ico;cur;bmp;dlg;rc2;rct;bin;rgs;gif;jpg;jpeg;jpe;resx;tiff;tif;png;wav</Extensions>
    </Filter>
  </ItemGroup>
  <ItemGroup>
    <ClCompile Include="release\moc_cheatconsole.cpp">
      <Filter>Source Files</Filter>
    </ClCompile>
    <ClCompile Include="release\moc_encyclopedia.cpp">
      <Filter>Source Files</Filter>
    </ClCompile>
    <ClCompile Include="release\moc_gamewindow.cpp">
      <Filter>Source Files</Filter>
    </ClCompile>
    <ClCompile Include="release\qrc_images.cpp">
      <Filter>Source Files</Filter>
    </ClCompile>
    <ClCompile Include="src\about.cpp">
      <Filter>Source Files</Filter>
    </ClCompile>
    <ClCompile Include="src\character.cpp">
      <Filter>Source Files</Filter>
    </ClCompile>
    <ClCompile Include="src\characteractivity.cpp">
      <Filter>Source Files</Filter>
    </ClCompile>
    <ClCompile Include="src\cheatconsole.cpp">
      <Filter>Source Files</Filter>
    </ClCompile>
    <ClCompile Include="src\choicedialog.cpp">
      <Filter>Source Files</Filter>
    </ClCompile>
    <ClCompile Include="src\clampedresource.cpp">
      <Filter>Source Files</Filter>
    </ClCompile>
    <ClCompile Include="src\colors.cpp">
      <Filter>Source Files</Filter>
    </ClCompile>
    <ClCompile Include="src\die.cpp">
      <Filter>Source Files</Filter>
    </ClCompile>
    <ClCompile Include="src\encryptedfile.cpp">
      <Filter>Source Files</Filter>
    </ClCompile>
    <ClCompile Include="src\encyclopedia.cpp">
      <Filter>Source Files</Filter>
    </ClCompile>
    <ClCompile Include="src\game.cpp">
      <Filter>Source Files</Filter>
    </ClCompile>
    <ClCompile Include="src\gamenotification.cpp">
      <Filter>Source Files</Filter>
    </ClCompile>
    <ClCompile Include="src\gamewindow.cpp">
      <Filter>Source Files</Filter>
    </ClCompile>
    <ClCompile Include="src\generators.cpp">
      <Filter>Source Files</Filter>
    </ClCompile>
    <ClCompile Include="src\icons.cpp">
      <Filter>Source Files</Filter>
    </ClCompile>
    <ClCompile Include="src\inventory.cpp">
      <Filter>Source Files</Filter>
    </ClCompile>
    <ClCompile Include="src\io.cpp">
      <Filter>Source Files</Filter>
    </ClCompile>
    <ClCompile Include="src\itemproperties.cpp">
      <Filter>Source Files</Filter>
    </ClCompile>
    <ClCompile Include="src\items.cpp">
      <Filter>Source Files</Filter>
    </ClCompile>
    <ClCompile Include="src\locations.cpp">
      <Filter>Source Files</Filter>
    </ClCompile>
    <ClCompile Include="src\main.cpp">
      <Filter>Source Files</Filter>
    </ClCompile>
    <ClCompile Include="src\map.cpp">
      <Filter>Source Files</Filter>
    </ClCompile>
    <ClCompile Include="src\menu.cpp">
      <Filter>Source Files</Filter>
    </ClCompile>
    <ClCompile Include="src\settings.cpp">
      <Filter>Source Files</Filter>
    </ClCompile>
    <ClCompile Include="src\sounds.cpp">
      <Filter>Source Files</Filter>
    </ClCompile>
    <ClCompile Include="src\studyactivity.cpp">
      <Filter>Source Files</Filter>
    </ClCompile>
    <ClCompile Include="src\timedactivity.cpp">
      <Filter>Source Files</Filter>
    </ClCompile>
    <ClCompile Include="src\tooltip.cpp">
      <Filter>Source Files</Filter>
    </ClCompile>
    <ClCompile Include="src\trade.cpp">
      <Filter>Source Files</Filter>
    </ClCompile>
    <ClCompile Include="src\types.cpp">
      <Filter>Source Files</Filter>
    </ClCompile>
    <ClCompile Include="src\slot\aboutslot.cpp">
      <Filter>Source Files</Filter>
    </ClCompile>
    <ClCompile Include="src\slot\artifactslot.cpp">
      <Filter>Source Files</Filter>
    </ClCompile>
    <ClCompile Include="src\slot\choiceslot.cpp">
      <Filter>Source Files</Filter>
    </ClCompile>
    <ClCompile Include="src\slot\effectslot.cpp">
      <Filter>Source Files</Filter>
    </ClCompile>
    <ClCompile Include="src\slot\encyclopediaslot.cpp">
      <Filter>Source Files</Filter>
    </ClCompile>
    <ClCompile Include="src\slot\explorerbutton.cpp">
      <Filter>Source Files</Filter>
    </ClCompile>
    <ClCompile Include="src\slot\externalslot.cpp">
      <Filter>Source Files</Filter>
    </ClCompile>
    <ClCompile Include="src\slot\foreigntradeslot.cpp">
      <Filter>Source Files</Filter>
    </ClCompile>
    <ClCompile Include="src\slot\inventoryslot.cpp">
      <Filter>Source Files</Filter>
    </ClCompile>
    <ClCompile Include="src\slot\itemslot.cpp">
      <Filter>Source Files</Filter>
    </ClCompile>
    <ClCompile Include="src\slot\locationslot.cpp">
      <Filter>Source Files</Filter>
    </ClCompile>
    <ClCompile Include="src\slot\materialslot.cpp">
      <Filter>Source Files</Filter>
    </ClCompile>
    <ClCompile Include="src\slot\portraitslot.cpp">
      <Filter>Source Files</Filter>
    </ClCompile>
    <ClCompile Include="src\slot\queuedactivityslot.cpp">
      <Filter>Source Files</Filter>
    </ClCompile>
    <ClCompile Include="src\slot\skillslot.cpp">
      <Filter>Source Files</Filter>
    </ClCompile>
    <ClCompile Include="src\slot\slot.cpp">
      <Filter>Source Files</Filter>
    </ClCompile>
    <ClCompile Include="src\slot\smithingresultslot.cpp">
      <Filter>Source Files</Filter>
    </ClCompile>
    <ClCompile Include="src\slot\studyslot.cpp">
      <Filter>Source Files</Filter>
    </ClCompile>
    <ClCompile Include="src\slot\toolslot.cpp">
      <Filter>Source Files</Filter>
    </ClCompile>
    <ClCompile Include="src\slot\tradeslot.cpp">
      <Filter>Source Files</Filter>
    </ClCompile>
    <ClCompile Include="src\slot\weathereffectslot.cpp">
      <Filter>Source Files</Filter>
    </ClCompile>
  </ItemGroup>
  <ItemGroup>
    <ClInclude Include="ui_cheat.h">
      <Filter>Header Files</Filter>
    </ClInclude>
    <ClInclude Include="ui_encyclopedia.h">
      <Filter>Header Files</Filter>
    </ClInclude>
    <ClInclude Include="ui_log.h">
      <Filter>Header Files</Filter>
    </ClInclude>
    <ClInclude Include="ui_main.h">
      <Filter>Header Files</Filter>
    </ClInclude>
    <ClInclude Include="ui_tooltip.h">
      <Filter>Header Files</Filter>
    </ClInclude>
    <ClInclude Include="release\moc_predefs.h">
      <Filter>Header Files</Filter>
    </ClInclude>
    <ClInclude Include="src\about.h">
      <Filter>Header Files</Filter>
    </ClInclude>
    <ClInclude Include="src\character.h">
      <Filter>Header Files</Filter>
    </ClInclude>
    <ClInclude Include="src\characteractivity.h">
      <Filter>Header Files</Filter>
    </ClInclude>
    <ClInclude Include="src\cheatconsole.h">
      <Filter>Header Files</Filter>
    </ClInclude>
    <ClInclude Include="src\choicedialog.h">
      <Filter>Header Files</Filter>
    </ClInclude>
    <ClInclude Include="src\clampedresource.h">
      <Filter>Header Files</Filter>
    </ClInclude>
    <ClInclude Include="src\colors.h">
      <Filter>Header Files</Filter>
    </ClInclude>
    <ClInclude Include="src\definitionmark.h">
      <Filter>Header Files</Filter>
    </ClInclude>
    <ClInclude Include="src\die.h">
      <Filter>Header Files</Filter>
    </ClInclude>
    <ClInclude Include="src\encryptedfile.h">
      <Filter>Header Files</Filter>
    </ClInclude>
    <ClInclude Include="src\encyclopedia.h">
      <Filter>Header Files</Filter>
    </ClInclude>
    <ClInclude Include="src\game.h">
      <Filter>Header Files</Filter>
    </ClInclude>
    <ClInclude Include="src\gamenotification.h">
      <Filter>Header Files</Filter>
    </ClInclude>
    <ClInclude Include="src\gamewindow.h">
      <Filter>Header Files</Filter>
    </ClInclude>
    <ClInclude Include="src\generators.h">
      <Filter>Header Files</Filter>
    </ClInclude>
    <ClInclude Include="src\hooks.h">
      <Filter>Header Files</Filter>
    </ClInclude>
    <ClInclude Include="src\icons.h">
      <Filter>Header Files</Filter>
    </ClInclude>
    <ClInclude Include="src\inventory.h">
      <Filter>Header Files</Filter>
    </ClInclude>
    <ClInclude Include="src\io.h">
      <Filter>Header Files</Filter>
    </ClInclude>
    <ClInclude Include="src\itemproperties.h">
      <Filter>Header Files</Filter>
    </ClInclude>
    <ClInclude Include="src\items.h">
      <Filter>Header Files</Filter>
    </ClInclude>
    <ClInclude Include="src\locations.h">
      <Filter>Header Files</Filter>
    </ClInclude>
    <ClInclude Include="src\main.h">
      <Filter>Header Files</Filter>
    </ClInclude>
    <ClInclude Include="src\map.h">
      <Filter>Header Files</Filter>
    </ClInclude>
    <ClInclude Include="src\menu.h">
      <Filter>Header Files</Filter>
    </ClInclude>
    <ClInclude Include="src\ruin.h">
      <Filter>Header Files</Filter>
    </ClInclude>
    <ClInclude Include="src\serialize.h">
      <Filter>Header Files</Filter>
    </ClInclude>
    <ClInclude Include="src\settings.h">
      <Filter>Header Files</Filter>
    </ClInclude>
    <ClInclude Include="src\sounds.h">
      <Filter>Header Files</Filter>
    </ClInclude>
    <ClInclude Include="src\studyactivity.h">
      <Filter>Header Files</Filter>
    </ClInclude>
    <ClInclude Include="src\timedactivity.h">
      <Filter>Header Files</Filter>
    </ClInclude>
    <ClInclude Include="src\tooltip.h">
      <Filter>Header Files</Filter>
    </ClInclude>
    <ClInclude Include="src\trade.h">
      <Filter>Header Files</Filter>
    </ClInclude>
    <ClInclude Include="src\types.h">
      <Filter>Header Files</Filter>
    </ClInclude>
    <ClInclude Include="src\slot\aboutslot.h">
      <Filter>Header Files</Filter>
    </ClInclude>
    <ClInclude Include="src\slot\artifactslot.h">
      <Filter>Header Files</Filter>
    </ClInclude>
    <ClInclude Include="src\slot\choiceslot.h">
      <Filter>Header Files</Filter>
    </ClInclude>
    <ClInclude Include="src\slot\effectslot.h">
      <Filter>Header Files</Filter>
    </ClInclude>
    <ClInclude Include="src\slot\encyclopediaslot.h">
      <Filter>Header Files</Filter>
    </ClInclude>
    <ClInclude Include="src\slot\explorerbutton.h">
      <Filter>Header Files</Filter>
    </ClInclude>
    <ClInclude Include="src\slot\externalslot.h">
      <Filter>Header Files</Filter>
    </ClInclude>
    <ClInclude Include="src\slot\foreigntradeslot.h">
      <Filter>Header Files</Filter>
    </ClInclude>
    <ClInclude Include="src\slot\inventoryslot.h">
      <Filter>Header Files</Filter>
    </ClInclude>
    <ClInclude Include="src\slot\itemslot.h">
      <Filter>Header Files</Filter>
    </ClInclude>
    <ClInclude Include="src\slot\locationslot.h">
      <Filter>Header Files</Filter>
    </ClInclude>
    <ClInclude Include="src\slot\materialslot.h">
      <Filter>Header Files</Filter>
    </ClInclude>
    <ClInclude Include="src\slot\portraitslot.h">
      <Filter>Header Files</Filter>
    </ClInclude>
    <ClInclude Include="src\slot\queuedactivityslot.h">
      <Filter>Header Files</Filter>
    </ClInclude>
    <ClInclude Include="src\slot\skillslot.h">
      <Filter>Header Files</Filter>
    </ClInclude>
    <ClInclude Include="src\slot\slot.h">
      <Filter>Header Files</Filter>
    </ClInclude>
    <ClInclude Include="src\slot\smithingresultslot.h">
      <Filter>Header Files</Filter>
    </ClInclude>
    <ClInclude Include="src\slot\studyslot.h">
      <Filter>Header Files</Filter>
    </ClInclude>
    <ClInclude Include="src\slot\toolslot.h">
      <Filter>Header Files</Filter>
    </ClInclude>
    <ClInclude Include="src\slot\tradeslot.h">
      <Filter>Header Files</Filter>
    </ClInclude>
    <ClInclude Include="src\slot\weathereffectslot.h">
      <Filter>Header Files</Filter>
    </ClInclude>
  </ItemGroup>
  <ItemGroup>
    <ResourceCompile Include="aor_resource.rc">
      <Filter>Resource Files</Filter>
    </ResourceCompile>
  </ItemGroup>
</Project>